
Microsoft Visual Studio Solution File, Format Version 12.00
# Visual Studio Version 17
VisualStudioVersion = 17.5.33424.131
MinimumVisualStudioVersion = 10.0.40219.1
Project("{FAE04EC0-301F-11D3-BF4B-00C04F79EFBC}") = "OnPeople.API", "OnPeople.API.csproj", "{DEAAF40B-FE17-482F-86C8-7A8D6BB8EFB8}"
EndProject
Global
	GlobalSection(SolutionConfigurationPlatforms) = preSolution
		Debug|Any CPU = Debug|Any CPU
		Release|Any CPU = Release|Any CPU
	EndGlobalSection
	GlobalSection(ProjectConfigurationPlatforms) = postSolution
		{DEAAF40B-FE17-482F-86C8-7A8D6BB8EFB8}.Debug|Any CPU.ActiveCfg = Debug|Any CPU
		{DEAAF40B-FE17-482F-86C8-7A8D6BB8EFB8}.Debug|Any CPU.Build.0 = Debug|Any CPU
		{DEAAF40B-FE17-482F-86C8-7A8D6BB8EFB8}.Release|Any CPU.ActiveCfg = Release|Any CPU
		{DEAAF40B-FE17-482F-86C8-7A8D6BB8EFB8}.Release|Any CPU.Build.0 = Release|Any CPU
	EndGlobalSection
	GlobalSection(SolutionProperties) = preSolution
		HideSolutionNode = FALSE
	EndGlobalSection
	GlobalSection(ExtensibilityGlobals) = postSolution
		SolutionGuid = {A2E80A0F-BD7F-455B-8058-612A2BCC3635}
	EndGlobalSection
EndGlobal
